<Solution>
  <Folder Name="/src/backend/">
    <Project Path="src/backend/KamraApp.Api/KamraApp.Api.csproj" />
    <Project Path="src/backend/KamraApp.Application/KamraApp.Application.csproj" />
    <Project Path="src/backend/KamraApp.Domain/KamraApp.Domain.csproj" />
    <Project Path="src/backend/KamraApp.Infrastructure/KamraApp.Infrastructure.csproj" />
  </Folder>
  <Folder Name="/tests/">
    <Project Path="tests/KamraApp.Unit.Tests/KamraApp.Unit.Tests.csproj" />
  </Folder>
</Solution>
